PODS:
  - CameraManager (3.1.1)
  - CocoaLumberjack/Default (3.1.0)
  - CocoaLumberjack/Swift (3.1.0):
    - CocoaLumberjack/Default

DEPENDENCIES:
  - CameraManager (from `https://github.com/nmolkeri/CameraManager.git`, branch `portrait`)
  - CocoaLumberjack/Swift

EXTERNAL SOURCES:
  CameraManager:
    :branch: portrait
    :git: https://github.com/nmolkeri/CameraManager.git

CHECKOUT OPTIONS:
  CameraManager:
    :commit: 3459e87625d9a7e809fb058af20eb817bd10433d
    :git: https://github.com/nmolkeri/CameraManager.git

SPEC CHECKSUMS:
  CameraManager: 7ca5346a227b111412912c6e485cc0e59f4e6bf6
  CocoaLumberjack: 8311463ddf9ee86a06ef92a071dd656c89244500

PODFILE CHECKSUM: 92f12a3ec3915fcd2354e26892f73ff4b652914b

COCOAPODS: 1.2.1.beta.1
